
Microsoft Visual Studio Solution File, Format Version 12.00
# Visual Studio Version 17
VisualStudioVersion = 17.14.36202.13 d17.14
MinimumVisualStudioVersion = 10.0.40219.1
Project("{FAE04EC0-301F-11D3-BF4B-00C04F79EFBC}") = "Task_8", "Task_8.csproj", "{904ED30B-7BCE-476B-9796-BF2E0391F558}"
EndProject
Global
	GlobalSection(SolutionConfigurationPlatforms) = preSolution
		Debug|Any CPU = Debug|Any CPU
		Release|Any CPU = Release|Any CPU
	EndGlobalSection
	GlobalSection(ProjectConfigurationPlatforms) = postSolution
		{904ED30B-7BCE-476B-9796-BF2E0391F558}.Debug|Any CPU.ActiveCfg = Debug|Any CPU
		{904ED30B-7BCE-476B-9796-BF2E0391F558}.Debug|Any CPU.Build.0 = Debug|Any CPU
		{904ED30B-7BCE-476B-9796-BF2E0391F558}.Release|Any CPU.ActiveCfg = Release|Any CPU
		{904ED30B-7BCE-476B-9796-BF2E0391F558}.Release|Any CPU.Build.0 = Release|Any CPU
	EndGlobalSection
	GlobalSection(SolutionProperties) = preSolution
		HideSolutionNode = FALSE
	EndGlobalSection
	GlobalSection(ExtensibilityGlobals) = postSolution
		SolutionGuid = {4234199F-8592-4B46-8036-24B3433BDFA0}
	EndGlobalSection
EndGlobal
