
Microsoft Visual Studio Solution File, Format Version 12.00
# Visual Studio Version 17
VisualStudioVersion = 17.14.36202.13
MinimumVisualStudioVersion = 10.0.40219.1
Project("{FAE04EC0-301F-11D3-BF4B-00C04F79EFBC}") = "Task_5", "Task_5.csproj", "{81328851-9E7E-4703-BC92-CFCCCAC34337}"
EndProject
Project("{FAE04EC0-301F-11D3-BF4B-00C04F79EFBC}") = "ClassLibrary1", "..\ClassLibrary1\ClassLibrary1.csproj", "{9650A61E-7FEA-4945-88ED-1BAA47EC32B0}"
EndProject
Project("{FAE04EC0-301F-11D3-BF4B-00C04F79EFBC}") = "TestForTask5", "..\TestForTask5\TestForTask5.csproj", "{DFAF3325-AAC6-4E9E-B354-FE81035BB4FB}"
EndProject
Global
	GlobalSection(SolutionConfigurationPlatforms) = preSolution
		Debug|Any CPU = Debug|Any CPU
		Release|Any CPU = Release|Any CPU
	EndGlobalSection
	GlobalSection(ProjectConfigurationPlatforms) = postSolution
		{81328851-9E7E-4703-BC92-CFCCCAC34337}.Debug|Any CPU.ActiveCfg = Debug|Any CPU
		{81328851-9E7E-4703-BC92-CFCCCAC34337}.Debug|Any CPU.Build.0 = Debug|Any CPU
		{81328851-9E7E-4703-BC92-CFCCCAC34337}.Release|Any CPU.ActiveCfg = Release|Any CPU
		{81328851-9E7E-4703-BC92-CFCCCAC34337}.Release|Any CPU.Build.0 = Release|Any CPU
		{9650A61E-7FEA-4945-88ED-1BAA47EC32B0}.Debug|Any CPU.ActiveCfg = Debug|Any CPU
		{9650A61E-7FEA-4945-88ED-1BAA47EC32B0}.Debug|Any CPU.Build.0 = Debug|Any CPU
		{9650A61E-7FEA-4945-88ED-1BAA47EC32B0}.Release|Any CPU.ActiveCfg = Release|Any CPU
		{9650A61E-7FEA-4945-88ED-1BAA47EC32B0}.Release|Any CPU.Build.0 = Release|Any CPU
		{DFAF3325-AAC6-4E9E-B354-FE81035BB4FB}.Debug|Any CPU.ActiveCfg = Debug|Any CPU
		{DFAF3325-AAC6-4E9E-B354-FE81035BB4FB}.Debug|Any CPU.Build.0 = Debug|Any CPU
		{DFAF3325-AAC6-4E9E-B354-FE81035BB4FB}.Release|Any CPU.ActiveCfg = Release|Any CPU
		{DFAF3325-AAC6-4E9E-B354-FE81035BB4FB}.Release|Any CPU.Build.0 = Release|Any CPU
	EndGlobalSection
	GlobalSection(SolutionProperties) = preSolution
		HideSolutionNode = FALSE
	EndGlobalSection
	GlobalSection(ExtensibilityGlobals) = postSolution
		SolutionGuid = {03EC3FE3-9186-4C2E-AB66-8D81C620CEE8}
	EndGlobalSection
EndGlobal
