
Microsoft Visual Studio Solution File, Format Version 12.00
# Visual Studio Version 17
VisualStudioVersion = 17.14.36518.9 d17.14
MinimumVisualStudioVersion = 10.0.40219.1
Project("{FAE04EC0-301F-11D3-BF4B-00C04F79EFBC}") = "WinFormsApp1", "WinFormsApp1.csproj", "{FBF7B8E1-6869-4AD2-8E33-1D4F337C7278}"
EndProject
Global
	GlobalSection(SolutionConfigurationPlatforms) = preSolution
		Debug|Any CPU = Debug|Any CPU
		Release|Any CPU = Release|Any CPU
	EndGlobalSection
	GlobalSection(ProjectConfigurationPlatforms) = postSolution
		{FBF7B8E1-6869-4AD2-8E33-1D4F337C7278}.Debug|Any CPU.ActiveCfg = Debug|Any CPU
		{FBF7B8E1-6869-4AD2-8E33-1D4F337C7278}.Debug|Any CPU.Build.0 = Debug|Any CPU
		{FBF7B8E1-6869-4AD2-8E33-1D4F337C7278}.Release|Any CPU.ActiveCfg = Release|Any CPU
		{FBF7B8E1-6869-4AD2-8E33-1D4F337C7278}.Release|Any CPU.Build.0 = Release|Any CPU
	EndGlobalSection
	GlobalSection(SolutionProperties) = preSolution
		HideSolutionNode = FALSE
	EndGlobalSection
	GlobalSection(ExtensibilityGlobals) = postSolution
		SolutionGuid = {F0A7EAE6-E508-4FA3-9B3D-0B85E983B711}
	EndGlobalSection
EndGlobal
