
Microsoft Visual Studio Solution File, Format Version 12.00
# Visual Studio Version 17
VisualStudioVersion = 17.14.36202.13 d17.14
MinimumVisualStudioVersion = 10.0.40219.1
Project("{FAE04EC0-301F-11D3-BF4B-00C04F79EFBC}") = "Task 2", "Task 2.csproj", "{3C2BCD53-B54B-4F4F-833A-2824ED25DC5C}"
EndProject
Project("{FAE04EC0-301F-11D3-BF4B-00C04F79EFBC}") = "TestProject1", "..\TestProject1\TestProject1.csproj", "{B0128CC4-8AD5-4A7D-A7D9-4964F4779FBD}"
EndProject
Global
	GlobalSection(SolutionConfigurationPlatforms) = preSolution
		Debug|Any CPU = Debug|Any CPU
		Release|Any CPU = Release|Any CPU
	EndGlobalSection
	GlobalSection(ProjectConfigurationPlatforms) = postSolution
		{3C2BCD53-B54B-4F4F-833A-2824ED25DC5C}.Debug|Any CPU.ActiveCfg = Debug|Any CPU
		{3C2BCD53-B54B-4F4F-833A-2824ED25DC5C}.Debug|Any CPU.Build.0 = Debug|Any CPU
		{3C2BCD53-B54B-4F4F-833A-2824ED25DC5C}.Release|Any CPU.ActiveCfg = Release|Any CPU
		{3C2BCD53-B54B-4F4F-833A-2824ED25DC5C}.Release|Any CPU.Build.0 = Release|Any CPU
		{B0128CC4-8AD5-4A7D-A7D9-4964F4779FBD}.Debug|Any CPU.ActiveCfg = Debug|Any CPU
		{B0128CC4-8AD5-4A7D-A7D9-4964F4779FBD}.Debug|Any CPU.Build.0 = Debug|Any CPU
		{B0128CC4-8AD5-4A7D-A7D9-4964F4779FBD}.Release|Any CPU.ActiveCfg = Release|Any CPU
		{B0128CC4-8AD5-4A7D-A7D9-4964F4779FBD}.Release|Any CPU.Build.0 = Release|Any CPU
	EndGlobalSection
	GlobalSection(SolutionProperties) = preSolution
		HideSolutionNode = FALSE
	EndGlobalSection
	GlobalSection(ExtensibilityGlobals) = postSolution
		SolutionGuid = {41590B00-9A0A-43C6-A232-10F8B4F2C793}
	EndGlobalSection
EndGlobal
