
Microsoft Visual Studio Solution File, Format Version 12.00
# Visual Studio Version 17
VisualStudioVersion = 17.14.36518.9 d17.14
MinimumVisualStudioVersion = 10.0.40219.1
Project("{FAE04EC0-301F-11D3-BF4B-00C04F79EFBC}") = "XmlReader", "XmlReader.csproj", "{525E6D8C-9F22-46BA-8B17-A4A481BF0CD5}"
EndProject
Global
	GlobalSection(SolutionConfigurationPlatforms) = preSolution
		Debug|Any CPU = Debug|Any CPU
		Release|Any CPU = Release|Any CPU
	EndGlobalSection
	GlobalSection(ProjectConfigurationPlatforms) = postSolution
		{525E6D8C-9F22-46BA-8B17-A4A481BF0CD5}.Debug|Any CPU.ActiveCfg = Debug|Any CPU
		{525E6D8C-9F22-46BA-8B17-A4A481BF0CD5}.Debug|Any CPU.Build.0 = Debug|Any CPU
		{525E6D8C-9F22-46BA-8B17-A4A481BF0CD5}.Release|Any CPU.ActiveCfg = Release|Any CPU
		{525E6D8C-9F22-46BA-8B17-A4A481BF0CD5}.Release|Any CPU.Build.0 = Release|Any CPU
	EndGlobalSection
	GlobalSection(SolutionProperties) = preSolution
		HideSolutionNode = FALSE
	EndGlobalSection
	GlobalSection(ExtensibilityGlobals) = postSolution
		SolutionGuid = {A289C671-CC35-4D48-B46F-0D67B01906F4}
	EndGlobalSection
EndGlobal
