
Microsoft Visual Studio Solution File, Format Version 12.00
# Visual Studio Version 17
VisualStudioVersion = 17.14.36202.13 d17.14
MinimumVisualStudioVersion = 10.0.40219.1
Project("{FAE04EC0-301F-11D3-BF4B-00C04F79EFBC}") = "Task_3", "Task_3.csproj", "{E76DF01C-02E0-449F-8D29-D982167BF067}"
EndProject
Global
	GlobalSection(SolutionConfigurationPlatforms) = preSolution
		Debug|Any CPU = Debug|Any CPU
		Release|Any CPU = Release|Any CPU
	EndGlobalSection
	GlobalSection(ProjectConfigurationPlatforms) = postSolution
		{E76DF01C-02E0-449F-8D29-D982167BF067}.Debug|Any CPU.ActiveCfg = Debug|Any CPU
		{E76DF01C-02E0-449F-8D29-D982167BF067}.Debug|Any CPU.Build.0 = Debug|Any CPU
		{E76DF01C-02E0-449F-8D29-D982167BF067}.Release|Any CPU.ActiveCfg = Release|Any CPU
		{E76DF01C-02E0-449F-8D29-D982167BF067}.Release|Any CPU.Build.0 = Release|Any CPU
	EndGlobalSection
	GlobalSection(SolutionProperties) = preSolution
		HideSolutionNode = FALSE
	EndGlobalSection
	GlobalSection(ExtensibilityGlobals) = postSolution
		SolutionGuid = {AA297207-6385-4D71-872F-4832F55FD801}
	EndGlobalSection
EndGlobal
